# Neuraxis frozen study lock, written 2026-09-21T00:28:21+00:00 at commit 5974dae185779db8b73f0a33e89fae3da0ab1329
2e21d7306e11d0aa937046ee609f49e6f73b1cc9b3bf5b9058887b8f5571cec6  configs/agent_policy.yaml
af9fc73ba8f8e187e1c98f293fc3191b63e1623aac8ae0a21272359acd4ed8bd  configs/features.yaml
36646512db9e100489a188ba0c6a1680634990a4117da1e5b53f6f8c9e5dbbd6  configs/pilot2_frozen.yaml
e4be056e5a0c5920be38f3833f0f275487848ac08aa6fc4f3d05210e99e96961  configs/pilot2_rehearsal.yaml
c874e98d6b5c49cc26946d65012cb6a09079c2b0bde81be4dd1f6d471d438de2  configs/study.yaml
9ca05052abe32e152e3c7d65aef85ee4922a6c10ef02ac982b3281c2e8775499  configs/tolerances.yaml
3d7238fe68ae251d631f8fa49e2f12e3b26430aef68d7633a75a411044f87710  data/splits/SPLITS.sha256
9a2fd50e76d060aae649c82fc004f96d5b58ad2d44698720871535eabb0a2033  data/model_manifest.csv
80d16fd6fcbe406846c2cf97c13ac19d135f2a6a28a1276551cd7c6f6711903c  results/processed/pilot2/selection_k4.json
fe391d98280fff66889584c45da446e655c3272057eed4643e88a742e4c8b45e  docs/CONFIRMATORY_PREREGISTRATION.md
